// !$*UTF8*$!
{
	archiveVersion = 1;
	classes = {
	};
	objectVersion = 77;
	objects = {

/* Begin PBXBuildFile section */
		2C84F3712DEC8B1A009335DF /* Kingfisher in Frameworks */ = {isa = PBXBuildFile; productRef = 2C84F3702DEC8B1A009335DF /* Kingfisher */; };
		2CCFE1362DF1007F002E8302 /* GoogleSignIn in Frameworks */ = {isa = PBXBuildFile; productRef = 2CCFE1352DF1007F002E8302 /* GoogleSignIn */; };
		2CCFE1382DF1007F002E8302 /* GoogleSignInSwift in Frameworks */ = {isa = PBXBuildFile; productRef = 2CCFE1372DF1007F002E8302 /* GoogleSignInSwift */; };
		2CFA7E882DF1869C00C16547 /* StoreKit.framework in Frameworks */ = {isa = PBXBuildFile; fileRef = 2CFA7E872DF1869C00C16547 /* StoreKit.framework */; };
		C052093D2D0BAB10009ACB88 /* .gitignore in Resources */ = {isa = PBXBuildFile; fileRef = C052093C2D0BAB09009ACB88 /* .gitignore */; };
		C08DC72E2CFE5EF500AD0E60 /* SwiftStomp in Frameworks */ = {isa = PBXBuildFile; productRef = C08DC72D2CFE5EF500AD0E60 /* SwiftStomp */; };
/* End PBXBuildFile section */

/* Begin PBXContainerItemProxy section */
		C0F98E1E2CE0AF7C0055B6A4 /* PBXContainerItemProxy */ = {
			isa = PBXContainerItemProxy;
			containerPortal = C0F98E052CE0AF7A0055B6A4 /* Project object */;
			proxyType = 1;
			remoteGlobalIDString = C0F98E0C2CE0AF7A0055B6A4;
			remoteInfo = SynapseMobile;
		};
		C0F98E282CE0AF7C0055B6A4 /* PBXContainerItemProxy */ = {
			isa = PBXContainerItemProxy;
			containerPortal = C0F98E052CE0AF7A0055B6A4 /* Project object */;
			proxyType = 1;
			remoteGlobalIDString = C0F98E0C2CE0AF7A0055B6A4;
			remoteInfo = SynapseMobile;
		};
/* End PBXContainerItemProxy section */

/* Begin PBXFileReference section */
		2CFA7E872DF1869C00C16547 /* StoreKit.framework */ = {isa = PBXFileReference; lastKnownFileType = wrapper.framework; name = StoreKit.framework; path = System/Library/Frameworks/StoreKit.framework; sourceTree = SDKROOT; };
		C052093C2D0BAB09009ACB88 /* .gitignore */ = {isa = PBXFileReference; lastKnownFileType = text; path = .gitignore; sourceTree = "<group>"; };
		C0F98E0D2CE0AF7A0055B6A4 /* Synapse AI.app */ = {isa = PBXFileReference; explicitFileType = wrapper.application; includeInIndex = 0; path = "Synapse AI.app"; sourceTree = BUILT_PRODUCTS_DIR; };
		C0F98E1D2CE0AF7C0055B6A4 /* Synapse AITests.xctest */ = {isa = PBXFileReference; explicitFileType = wrapper.cfbundle; includeInIndex = 0; path = "Synapse AITests.xctest"; sourceTree = BUILT_PRODUCTS_DIR; };
		C0F98E272CE0AF7C0055B6A4 /* Synapse AIUITests.xctest */ = {isa = PBXFileReference; explicitFileType = wrapper.cfbundle; includeInIndex = 0; path = "Synapse AIUITests.xctest"; sourceTree = BUILT_PRODUCTS_DIR; };
/* End PBXFileReference section */

/* Begin PBXFileSystemSynchronizedBuildFileExceptionSet section */
		C0DE5F622CF87A0A00F761A0 /* Exceptions for "Synapse AI" folder in "Synapse AI" target */ = {
			isa = PBXFileSystemSynchronizedBuildFileExceptionSet;
			membershipExceptions = (
				Info.plist,
			);
			target = C0F98E0C2CE0AF7A0055B6A4 /* Synapse AI */;
		};
/* End PBXFileSystemSynchronizedBuildFileExceptionSet section */

/* Begin PBXFileSystemSynchronizedRootGroup section */
		C0F98E0F2CE0AF7A0055B6A4 /* Synapse AI */ = {
			isa = PBXFileSystemSynchronizedRootGroup;
			exceptions = (
				C0DE5F622CF87A0A00F761A0 /* Exceptions for "Synapse AI" folder in "Synapse AI" target */,
			);
			path = "Synapse AI";
			sourceTree = "<group>";
		};
		C0F98E202CE0AF7C0055B6A4 /* SynapseMobileTests */ = {
			isa = PBXFileSystemSynchronizedRootGroup;
			path = SynapseMobileTests;
			sourceTree = "<group>";
		};
		C0F98E2A2CE0AF7C0055B6A4 /* SynapseMobileUITests */ = {
			isa = PBXFileSystemSynchronizedRootGroup;
			path = SynapseMobileUITests;
			sourceTree = "<group>";
		};
/* End PBXFileSystemSynchronizedRootGroup section */

/* Begin PBXFrameworksBuildPhase section */
		C0F98E0A2CE0AF7A0055B6A4 /* Frameworks */ = {
			isa = PBXFrameworksBuildPhase;
			buildActionMask = 2147483647;
			files = (
				2C84F3712DEC8B1A009335DF /* Kingfisher in Frameworks */,
				C08DC72E2CFE5EF500AD0E60 /* SwiftStomp in Frameworks */,
				2CFA7E882DF1869C00C16547 /* StoreKit.framework in Frameworks */,
				2CCFE1362DF1007F002E8302 /* GoogleSignIn in Frameworks */,
				2CCFE1382DF1007F002E8302 /* GoogleSignInSwift in Frameworks */,
			);
			runOnlyForDeploymentPostprocessing = 0;
		};
		C0F98E1A2CE0AF7C0055B6A4 /* Frameworks */ = {
			isa = PBXFrameworksBuildPhase;
			buildActionMask = 2147483647;
			files = (
			);
			runOnlyForDeploymentPostprocessing = 0;
		};
		C0F98E242CE0AF7C0055B6A4 /* Frameworks */ = {
			isa = PBXFrameworksBuildPhase;
			buildActionMask = 2147483647;
			files = (
			);
			runOnlyForDeploymentPostprocessing = 0;
		};
/* End PBXFrameworksBuildPhase section */

/* Begin PBXGroup section */
		2CFA7E862DF1869C00C16547 /* Frameworks */ = {
			isa = PBXGroup;
			children = (
				2CFA7E872DF1869C00C16547 /* StoreKit.framework */,
			);
			name = Frameworks;
			sourceTree = "<group>";
		};
		C0F98E042CE0AF7A0055B6A4 = {
			isa = PBXGroup;
			children = (
				C052093C2D0BAB09009ACB88 /* .gitignore */,
				C0F98E0F2CE0AF7A0055B6A4 /* Synapse AI */,
				C0F98E202CE0AF7C0055B6A4 /* SynapseMobileTests */,
				C0F98E2A2CE0AF7C0055B6A4 /* SynapseMobileUITests */,
				2CFA7E862DF1869C00C16547 /* Frameworks */,
				C0F98E0E2CE0AF7A0055B6A4 /* Products */,
			);
			sourceTree = "<group>";
		};
		C0F98E0E2CE0AF7A0055B6A4 /* Products */ = {
			isa = PBXGroup;
			children = (
				C0F98E0D2CE0AF7A0055B6A4 /* Synapse AI.app */,
				C0F98E1D2CE0AF7C0055B6A4 /* Synapse AITests.xctest */,
				C0F98E272CE0AF7C0055B6A4 /* Synapse AIUITests.xctest */,
			);
			name = Products;
			sourceTree = "<group>";
		};
/* End PBXGroup section */

/* Begin PBXNativeTarget section */
		C0F98E0C2CE0AF7A0055B6A4 /* Synapse AI */ = {
			isa = PBXNativeTarget;
			buildConfigurationList = C0F98E312CE0AF7C0055B6A4 /* Build configuration list for PBXNativeTarget "Synapse AI" */;
			buildPhases = (
				C0F98E092CE0AF7A0055B6A4 /* Sources */,
				C0F98E0A2CE0AF7A0055B6A4 /* Frameworks */,
				C0F98E0B2CE0AF7A0055B6A4 /* Resources */,
			);
			buildRules = (
			);
			dependencies = (
			);
			fileSystemSynchronizedGroups = (
				C0F98E0F2CE0AF7A0055B6A4 /* Synapse AI */,
			);
			name = "Synapse AI";
			packageProductDependencies = (
				C08DC72D2CFE5EF500AD0E60 /* SwiftStomp */,
				2C84F3702DEC8B1A009335DF /* Kingfisher */,
				2CCFE1352DF1007F002E8302 /* GoogleSignIn */,
				2CCFE1372DF1007F002E8302 /* GoogleSignInSwift */,
			);
			productName = SynapseMobile;
			productReference = C0F98E0D2CE0AF7A0055B6A4 /* Synapse AI.app */;
			productType = "com.apple.product-type.application";
		};
		C0F98E1C2CE0AF7C0055B6A4 /* Synapse AITests */ = {
			isa = PBXNativeTarget;
			buildConfigurationList = C0F98E342CE0AF7C0055B6A4 /* Build configuration list for PBXNativeTarget "Synapse AITests" */;
			buildPhases = (
				C0F98E192CE0AF7C0055B6A4 /* Sources */,
				C0F98E1A2CE0AF7C0055B6A4 /* Frameworks */,
				C0F98E1B2CE0AF7C0055B6A4 /* Resources */,
			);
			buildRules = (
			);
			dependencies = (
				C0F98E1F2CE0AF7C0055B6A4 /* PBXTargetDependency */,
			);
			fileSystemSynchronizedGroups = (
				C0F98E202CE0AF7C0055B6A4 /* SynapseMobileTests */,
			);
			name = "Synapse AITests";
			packageProductDependencies = (
			);
			productName = SynapseMobileTests;
			productReference = C0F98E1D2CE0AF7C0055B6A4 /* Synapse AITests.xctest */;
			productType = "com.apple.product-type.bundle.unit-test";
		};
		C0F98E262CE0AF7C0055B6A4 /* Synapse AIUITests */ = {
			isa = PBXNativeTarget;
			buildConfigurationList = C0F98E372CE0AF7C0055B6A4 /* Build configuration list for PBXNativeTarget "Synapse AIUITests" */;
			buildPhases = (
				C0F98E232CE0AF7C0055B6A4 /* Sources */,
				C0F98E242CE0AF7C0055B6A4 /* Frameworks */,
				C0F98E252CE0AF7C0055B6A4 /* Resources */,
			);
			buildRules = (
			);
			dependencies = (
				C0F98E292CE0AF7C0055B6A4 /* PBXTargetDependency */,
			);
			fileSystemSynchronizedGroups = (
				C0F98E2A2CE0AF7C0055B6A4 /* SynapseMobileUITests */,
			);
			name = "Synapse AIUITests";
			packageProductDependencies = (
			);
			productName = SynapseMobileUITests;
			productReference = C0F98E272CE0AF7C0055B6A4 /* Synapse AIUITests.xctest */;
			productType = "com.apple.product-type.bundle.ui-testing";
		};
/* End PBXNativeTarget section */

/* Begin PBXProject section */
		C0F98E052CE0AF7A0055B6A4 /* Project object */ = {
			isa = PBXProject;
			attributes = {
				BuildIndependentTargetsInParallel = 1;
				LastSwiftUpdateCheck = 1610;
				LastUpgradeCheck = 1610;
				TargetAttributes = {
					C0F98E0C2CE0AF7A0055B6A4 = {
						CreatedOnToolsVersion = 16.1;
					};
					C0F98E1C2CE0AF7C0055B6A4 = {
						CreatedOnToolsVersion = 16.1;
						TestTargetID = C0F98E0C2CE0AF7A0055B6A4;
					};
					C0F98E262CE0AF7C0055B6A4 = {
						CreatedOnToolsVersion = 16.1;
						TestTargetID = C0F98E0C2CE0AF7A0055B6A4;
					};
				};
			};
			buildConfigurationList = C0F98E082CE0AF7A0055B6A4 /* Build configuration list for PBXProject "Synapse AI" */;
			developmentRegion = en;
			hasScannedForEncodings = 0;
			knownRegions = (
				en,
				Base,
			);
			mainGroup = C0F98E042CE0AF7A0055B6A4;
			minimizedProjectReferenceProxies = 1;
			packageReferences = (
				C08DC72B2CFE5CCA00AD0E60 /* XCRemoteSwiftPackageReference "SwiftStomp" */,
				2C84F36F2DEC8B1A009335DF /* XCRemoteSwiftPackageReference "Kingfisher" */,
				2CCFE1342DF1007F002E8302 /* XCRemoteSwiftPackageReference "GoogleSignIn-iOS" */,
			);
			preferredProjectObjectVersion = 77;
			productRefGroup = C0F98E0E2CE0AF7A0055B6A4 /* Products */;
			projectDirPath = "";
			projectRoot = "";
			targets = (
				C0F98E0C2CE0AF7A0055B6A4 /* Synapse AI */,
				C0F98E1C2CE0AF7C0055B6A4 /* Synapse AITests */,
				C0F98E262CE0AF7C0055B6A4 /* Synapse AIUITests */,
			);
		};
/* End PBXProject section */

/* Begin PBXResourcesBuildPhase section */
		C0F98E0B2CE0AF7A0055B6A4 /* Resources */ = {
			isa = PBXResourcesBuildPhase;
			buildActionMask = 2147483647;
			files = (
				C052093D2D0BAB10009ACB88 /* .gitignore in Resources */,
			);
			runOnlyForDeploymentPostprocessing = 0;
		};
		C0F98E1B2CE0AF7C0055B6A4 /* Resources */ = {
			isa = PBXResourcesBuildPhase;
			buildActionMask = 2147483647;
			files = (
			);
			runOnlyForDeploymentPostprocessing = 0;
		};
		C0F98E252CE0AF7C0055B6A4 /* Resources */ = {
			isa = PBXResourcesBuildPhase;
			buildActionMask = 2147483647;
			files = (
			);
			runOnlyForDeploymentPostprocessing = 0;
		};
/* End PBXResourcesBuildPhase section */

/* Begin PBXSourcesBuildPhase section */
		C0F98E092CE0AF7A0055B6A4 /* Sources */ = {
			isa = PBXSourcesBuildPhase;
			buildActionMask = 2147483647;
			files = (
			);
			runOnlyForDeploymentPostprocessing = 0;
		};
		C0F98E192CE0AF7C0055B6A4 /* Sources */ = {
			isa = PBXSourcesBuildPhase;
			buildActionMask = 2147483647;
			files = (
			);
			runOnlyForDeploymentPostprocessing = 0;
		};
		C0F98E232CE0AF7C0055B6A4 /* Sources */ = {
			isa = PBXSourcesBuildPhase;
			buildActionMask = 2147483647;
			files = (
			);
			runOnlyForDeploymentPostprocessing = 0;
		};
/* End PBXSourcesBuildPhase section */

/* Begin PBXTargetDependency section */
		C0F98E1F2CE0AF7C0055B6A4 /* PBXTargetDependency */ = {
			isa = PBXTargetDependency;
			target = C0F98E0C2CE0AF7A0055B6A4 /* Synapse AI */;
			targetProxy = C0F98E1E2CE0AF7C0055B6A4 /* PBXContainerItemProxy */;
		};
		C0F98E292CE0AF7C0055B6A4 /* PBXTargetDependency */ = {
			isa = PBXTargetDependency;
			target = C0F98E0C2CE0AF7A0055B6A4 /* Synapse AI */;
			targetProxy = C0F98E282CE0AF7C0055B6A4 /* PBXContainerItemProxy */;
		};
/* End PBXTargetDependency section */

/* Begin XCBuildConfiguration section */
		C0F98E2F2CE0AF7C0055B6A4 /* Debug */ = {
			isa = XCBuildConfiguration;
			baseConfigurationReferenceAnchor = C0F98E0F2CE0AF7A0055B6A4 /* Synapse AI */;
			baseConfigurationReferenceRelativePath = Debug.xcconfig;
			buildSettings = {
				ALWAYS_SEARCH_USER_PATHS = NO;
				ASSETCATALOG_COMPILER_GENERATE_SWIFT_ASSET_SYMBOL_EXTENSIONS = YES;
				CLANG_ANALYZER_NONNULL = YES;
				CLANG_ANALYZER_NUMBER_OBJECT_CONVERSION = YES_AGGRESSIVE;
				CLANG_CXX_LANGUAGE_STANDARD = "gnu++20";
				CLANG_ENABLE_MODULES = YES;
				CLANG_ENABLE_OBJC_ARC = YES;
				CLANG_ENABLE_OBJC_WEAK = YES;
				CLANG_WARN_BLOCK_CAPTURE_AUTORELEASING = YES;
				CLANG_WARN_BOOL_CONVERSION = YES;
				CLANG_WARN_COMMA = YES;
				CLANG_WARN_CONSTANT_CONVERSION = YES;
				CLANG_WARN_DEPRECATED_OBJC_IMPLEMENTATIONS = YES;
				CLANG_WARN_DIRECT_OBJC_ISA_USAGE = YES_ERROR;
				CLANG_WARN_DOCUMENTATION_COMMENTS = YES;
				CLANG_WARN_EMPTY_BODY = YES;
				CLANG_WARN_ENUM_CONVERSION = YES;
				CLANG_WARN_INFINITE_RECURSION = YES;
				CLANG_WARN_INT_CONVERSION = YES;
				CLANG_WARN_NON_LITERAL_NULL_CONVERSION = YES;
				CLANG_WARN_OBJC_IMPLICIT_RETAIN_SELF = YES;
				CLANG_WARN_OBJC_LITERAL_CONVERSION = YES;
				CLANG_WARN_OBJC_ROOT_CLASS = YES_ERROR;
				CLANG_WARN_QUOTED_INCLUDE_IN_FRAMEWORK_HEADER = YES;
				CLANG_WARN_RANGE_LOOP_ANALYSIS = YES;
				CLANG_WARN_STRICT_PROTOTYPES = YES;
				CLANG_WARN_SUSPICIOUS_MOVE = YES;
				CLANG_WARN_UNGUARDED_AVAILABILITY = YES_AGGRESSIVE;
				CLANG_WARN_UNREACHABLE_CODE = YES;
				CLANG_WARN__DUPLICATE_METHOD_MATCH = YES;
				CODE_SIGN_ENTITLEMENTS = /SynapseAI/SynapseAI.entitlements;
				COPY_PHASE_STRIP = NO;
				DEBUG_INFORMATION_FORMAT = dwarf;
				ENABLE_STRICT_OBJC_MSGSEND = YES;
				ENABLE_TESTABILITY = YES;
				ENABLE_USER_SCRIPT_SANDBOXING = YES;
				GCC_C_LANGUAGE_STANDARD = gnu17;
				GCC_DYNAMIC_NO_PIC = NO;
				GCC_NO_COMMON_BLOCKS = YES;
				GCC_OPTIMIZATION_LEVEL = 0;
				GCC_PREPROCESSOR_DEFINITIONS = (
					"DEBUG=1",
					"$(inherited)",
				);
				GCC_WARN_64_TO_32_BIT_CONVERSION = YES;
				GCC_WARN_ABOUT_RETURN_TYPE = YES_ERROR;
				GCC_WARN_UNDECLARED_SELECTOR = YES;
				GCC_WARN_UNINITIALIZED_AUTOS = YES_AGGRESSIVE;
				GCC_WARN_UNUSED_FUNCTION = YES;
				GCC_WARN_UNUSED_VARIABLE = YES;
				INFOPLIST_KEY_UILaunchScreen_Generation = NO;
				INFOPLIST_KEY_UILaunchStoryboardName = "";
				IPHONEOS_DEPLOYMENT_TARGET = 18.1;
				LOCALIZATION_PREFERS_STRING_CATALOGS = YES;
				MTL_ENABLE_DEBUG_INFO = INCLUDE_SOURCE;
				MTL_FAST_MATH = YES;
				ONLY_ACTIVE_ARCH = YES;
				SDKROOT = iphoneos;
				SWIFT_ACTIVE_COMPILATION_CONDITIONS = "DEBUG $(inherited)";
				SWIFT_OPTIMIZATION_LEVEL = "-Onone";
			};
			name = Debug;
		};
		C0F98E302CE0AF7C0055B6A4 /* Release */ = {
			isa = XCBuildConfiguration;
			baseConfigurationReferenceAnchor = C0F98E0F2CE0AF7A0055B6A4 /* Synapse AI */;
			baseConfigurationReferenceRelativePath = Release.xcconfig;
			buildSettings = {
				ALWAYS_SEARCH_USER_PATHS = NO;
				ASSETCATALOG_COMPILER_GENERATE_SWIFT_ASSET_SYMBOL_EXTENSIONS = YES;
				CLANG_ANALYZER_NONNULL = YES;
				CLANG_ANALYZER_NUMBER_OBJECT_CONVERSION = YES_AGGRESSIVE;
				CLANG_CXX_LANGUAGE_STANDARD = "gnu++20";
				CLANG_ENABLE_MODULES = YES;
				CLANG_ENABLE_OBJC_ARC = YES;
				CLANG_ENABLE_OBJC_WEAK = YES;
				CLANG_WARN_BLOCK_CAPTURE_AUTORELEASING = YES;
				CLANG_WARN_BOOL_CONVERSION = YES;
				CLANG_WARN_COMMA = YES;
				CLANG_WARN_CONSTANT_CONVERSION = YES;
				CLANG_WARN_DEPRECATED_OBJC_IMPLEMENTATIONS = YES;
				CLANG_WARN_DIRECT_OBJC_ISA_USAGE = YES_ERROR;
				CLANG_WARN_DOCUMENTATION_COMMENTS = YES;
				CLANG_WARN_EMPTY_BODY = YES;
				CLANG_WARN_ENUM_CONVERSION = YES;
				CLANG_WARN_INFINITE_RECURSION = YES;
				CLANG_WARN_INT_CONVERSION = YES;
				CLANG_WARN_NON_LITERAL_NULL_CONVERSION = YES;
				CLANG_WARN_OBJC_IMPLICIT_RETAIN_SELF = YES;
				CLANG_WARN_OBJC_LITERAL_CONVERSION = YES;
				CLANG_WARN_OBJC_ROOT_CLASS = YES_ERROR;
				CLANG_WARN_QUOTED_INCLUDE_IN_FRAMEWORK_HEADER = YES;
				CLANG_WARN_RANGE_LOOP_ANALYSIS = YES;
				CLANG_WARN_STRICT_PROTOTYPES = YES;
				CLANG_WARN_SUSPICIOUS_MOVE = YES;
				CLANG_WARN_UNGUARDED_AVAILABILITY = YES_AGGRESSIVE;
				CLANG_WARN_UNREACHABLE_CODE = YES;
				CLANG_WARN__DUPLICATE_METHOD_MATCH = YES;
				CODE_SIGN_ENTITLEMENTS = /SynapseAI/SynapseAI.entitlements;
				COPY_PHASE_STRIP = NO;
				DEBUG_INFORMATION_FORMAT = "dwarf-with-dsym";
				ENABLE_NS_ASSERTIONS = NO;
				ENABLE_STRICT_OBJC_MSGSEND = YES;
				ENABLE_USER_SCRIPT_SANDBOXING = YES;
				GCC_C_LANGUAGE_STANDARD = gnu17;
				GCC_NO_COMMON_BLOCKS = YES;
				GCC_WARN_64_TO_32_BIT_CONVERSION = YES;
				GCC_WARN_ABOUT_RETURN_TYPE = YES_ERROR;
				GCC_WARN_UNDECLARED_SELECTOR = YES;
				GCC_WARN_UNINITIALIZED_AUTOS = YES_AGGRESSIVE;
				GCC_WARN_UNUSED_FUNCTION = YES;
				GCC_WARN_UNUSED_VARIABLE = YES;
				INFOPLIST_KEY_UILaunchScreen_Generation = NO;
				INFOPLIST_KEY_UILaunchStoryboardName = "";
				IPHONEOS_DEPLOYMENT_TARGET = 18.1;
				LOCALIZATION_PREFERS_STRING_CATALOGS = YES;
				MTL_ENABLE_DEBUG_INFO = NO;
				MTL_FAST_MATH = YES;
				SDKROOT = iphoneos;
				SWIFT_COMPILATION_MODE = wholemodule;
				VALIDATE_PRODUCT = YES;
			};
			name = Release;
		};
		C0F98E322CE0AF7C0055B6A4 /* Debug */ = {
			isa = XCBuildConfiguration;
			baseConfigurationReferenceAnchor = C0F98E0F2CE0AF7A0055B6A4 /* Synapse AI */;
			baseConfigurationReferenceRelativePath = Debug.xcconfig;
			buildSettings = {
				ASSETCATALOG_COMPILER_APPICON_NAME = AppIcon;
				ASSETCATALOG_COMPILER_GLOBAL_ACCENT_COLOR_NAME = AccentColor;
				CODE_SIGN_ENTITLEMENTS = "Synapse AI/SynapseAI.entitlements";
				CODE_SIGN_STYLE = Automatic;
				CURRENT_PROJECT_VERSION = 1;
				DEVELOPMENT_ASSET_PATHS = "\"Synapse AI/Preview Content\"";
				DEVELOPMENT_TEAM = ZW893GY47A;
				ENABLE_PREVIEWS = YES;
				GENERATE_INFOPLIST_FILE = YES;
				INFOPLIST_FILE = "Synapse AI/Info.plist";
				INFOPLIST_KEY_CFBundleDisplayName = "Synapse AI";
				INFOPLIST_KEY_LSApplicationCategoryType = "public.app-category.social-networking";
				INFOPLIST_KEY_UIApplicationSceneManifest_Generation = YES;
				INFOPLIST_KEY_UIApplicationSupportsIndirectInputEvents = YES;
				INFOPLIST_KEY_UILaunchScreen_Generation = YES;
				INFOPLIST_KEY_UILaunchStoryboardName = "SYNAPSE AI";
				INFOPLIST_KEY_UISupportedInterfaceOrientations_iPad = "UIInterfaceOrientationPortrait UIInterfaceOrientationPortraitUpsideDown UIInterfaceOrientationLandscapeLeft UIInterfaceOrientationLandscapeRight";
				INFOPLIST_KEY_UISupportedInterfaceOrientations_iPhone = "UIInterfaceOrientationPortrait UIInterfaceOrientationLandscapeLeft UIInterfaceOrientationLandscapeRight";
				IPHONEOS_DEPLOYMENT_TARGET = 18.0;
				LD_RUNPATH_SEARCH_PATHS = (
					"$(inherited)",
					"@executable_path/Frameworks",
				);
				MARKETING_VERSION = 1.0;
				PRODUCT_BUNDLE_IDENTIFIER = com.bbu.SynapseMobile;
				PRODUCT_NAME = "$(TARGET_NAME)";
				SWIFT_EMIT_LOC_STRINGS = YES;
				SWIFT_VERSION = 5.0;
				TARGETED_DEVICE_FAMILY = "1,2";
			};
			name = Debug;
		};
		C0F98E332CE0AF7C0055B6A4 /* Release */ = {
			isa = XCBuildConfiguration;
			baseConfigurationReferenceAnchor = C0F98E0F2CE0AF7A0055B6A4 /* Synapse AI */;
			baseConfigurationReferenceRelativePath = Release.xcconfig;
			buildSettings = {
				ASSETCATALOG_COMPILER_APPICON_NAME = AppIcon;
				ASSETCATALOG_COMPILER_GLOBAL_ACCENT_COLOR_NAME = AccentColor;
				CODE_SIGN_ENTITLEMENTS = "Synapse AI/SynapseAI.entitlements";
				CODE_SIGN_STYLE = Automatic;
				CURRENT_PROJECT_VERSION = 1;
				DEVELOPMENT_ASSET_PATHS = "\"Synapse AI/Preview Content\"";
				DEVELOPMENT_TEAM = ZW893GY47A;
				ENABLE_PREVIEWS = YES;
				GENERATE_INFOPLIST_FILE = YES;
				INFOPLIST_FILE = "Synapse AI/Info.plist";
				INFOPLIST_KEY_CFBundleDisplayName = "Synapse AI";
				INFOPLIST_KEY_LSApplicationCategoryType = "public.app-category.social-networking";
				INFOPLIST_KEY_UIApplicationSceneManifest_Generation = YES;
				INFOPLIST_KEY_UIApplicationSupportsIndirectInputEvents = YES;
				INFOPLIST_KEY_UILaunchScreen_Generation = YES;
				INFOPLIST_KEY_UILaunchStoryboardName = "SYNAPSE AI";
				INFOPLIST_KEY_UISupportedInterfaceOrientations_iPad = "UIInterfaceOrientationPortrait UIInterfaceOrientationPortraitUpsideDown UIInterfaceOrientationLandscapeLeft UIInterfaceOrientationLandscapeRight";
				INFOPLIST_KEY_UISupportedInterfaceOrientations_iPhone = "UIInterfaceOrientationPortrait UIInterfaceOrientationLandscapeLeft UIInterfaceOrientationLandscapeRight";
				IPHONEOS_DEPLOYMENT_TARGET = 18.0;
				LD_RUNPATH_SEARCH_PATHS = (
					"$(inherited)",
					"@executable_path/Frameworks",
				);
				MARKETING_VERSION = 1.0;
				PRODUCT_BUNDLE_IDENTIFIER = com.bbu.SynapseMobile;
				PRODUCT_NAME = "$(TARGET_NAME)";
				SWIFT_EMIT_LOC_STRINGS = YES;
				SWIFT_VERSION = 5.0;
				TARGETED_DEVICE_FAMILY = "1,2";
			};
			name = Release;
		};
		C0F98E352CE0AF7C0055B6A4 /* Debug */ = {
			isa = XCBuildConfiguration;
			buildSettings = {
				BUNDLE_LOADER = "$(TEST_HOST)";
				CODE_SIGN_STYLE = Automatic;
				CURRENT_PROJECT_VERSION = 1;
				GENERATE_INFOPLIST_FILE = YES;
				IPHONEOS_DEPLOYMENT_TARGET = 18.1;
				MARKETING_VERSION = 1.0;
				PRODUCT_BUNDLE_IDENTIFIER = "com.final-project.SynapseMobileTests";
				PRODUCT_NAME = "$(TARGET_NAME)";
				SWIFT_EMIT_LOC_STRINGS = NO;
				SWIFT_VERSION = 5.0;
				TARGETED_DEVICE_FAMILY = "1,2";
				TEST_HOST = "$(BUILT_PRODUCTS_DIR)/Synapse AI.app/$(BUNDLE_EXECUTABLE_FOLDER_PATH)/Synapse AI";
			};
			name = Debug;
		};
		C0F98E362CE0AF7C0055B6A4 /* Release */ = {
			isa = XCBuildConfiguration;
			buildSettings = {
				BUNDLE_LOADER = "$(TEST_HOST)";
				CODE_SIGN_STYLE = Automatic;
				CURRENT_PROJECT_VERSION = 1;
				GENERATE_INFOPLIST_FILE = YES;
				IPHONEOS_DEPLOYMENT_TARGET = 18.1;
				MARKETING_VERSION = 1.0;
				PRODUCT_BUNDLE_IDENTIFIER = "com.final-project.SynapseMobileTests";
				PRODUCT_NAME = "$(TARGET_NAME)";
				SWIFT_EMIT_LOC_STRINGS = NO;
				SWIFT_VERSION = 5.0;
				TARGETED_DEVICE_FAMILY = "1,2";
				TEST_HOST = "$(BUILT_PRODUCTS_DIR)/Synapse AI.app/$(BUNDLE_EXECUTABLE_FOLDER_PATH)/Synapse AI";
			};
			name = Release;
		};
		C0F98E382CE0AF7C0055B6A4 /* Debug */ = {
			isa = XCBuildConfiguration;
			buildSettings = {
				CODE_SIGN_STYLE = Automatic;
				CURRENT_PROJECT_VERSION = 1;
				GENERATE_INFOPLIST_FILE = YES;
				MARKETING_VERSION = 1.0;
				PRODUCT_BUNDLE_IDENTIFIER = "com.final-project.SynapseMobileUITests";
				PRODUCT_NAME = "$(TARGET_NAME)";
				SWIFT_EMIT_LOC_STRINGS = NO;
				SWIFT_VERSION = 5.0;
				TARGETED_DEVICE_FAMILY = "1,2";
				TEST_TARGET_NAME = SynapseMobile;
			};
			name = Debug;
		};
		C0F98E392CE0AF7C0055B6A4 /* Release */ = {
			isa = XCBuildConfiguration;
			buildSettings = {
				CODE_SIGN_STYLE = Automatic;
				CURRENT_PROJECT_VERSION = 1;
				GENERATE_INFOPLIST_FILE = YES;
				MARKETING_VERSION = 1.0;
				PRODUCT_BUNDLE_IDENTIFIER = "com.final-project.SynapseMobileUITests";
				PRODUCT_NAME = "$(TARGET_NAME)";
				SWIFT_EMIT_LOC_STRINGS = NO;
				SWIFT_VERSION = 5.0;
				TARGETED_DEVICE_FAMILY = "1,2";
				TEST_TARGET_NAME = SynapseMobile;
			};
			name = Release;
		};
/* End XCBuildConfiguration section */

/* Begin XCConfigurationList section */
		C0F98E082CE0AF7A0055B6A4 /* Build configuration list for PBXProject "Synapse AI" */ = {
			isa = XCConfigurationList;
			buildConfigurations = (
				C0F98E2F2CE0AF7C0055B6A4 /* Debug */,
				C0F98E302CE0AF7C0055B6A4 /* Release */,
			);
			defaultConfigurationIsVisible = 0;
			defaultConfigurationName = Debug;
		};
		C0F98E312CE0AF7C0055B6A4 /* Build configuration list for PBXNativeTarget "Synapse AI" */ = {
			isa = XCConfigurationList;
			buildConfigurations = (
				C0F98E322CE0AF7C0055B6A4 /* Debug */,
				C0F98E332CE0AF7C0055B6A4 /* Release */,
			);
			defaultConfigurationIsVisible = 0;
			defaultConfigurationName = Debug;
		};
		C0F98E342CE0AF7C0055B6A4 /* Build configuration list for PBXNativeTarget "Synapse AITests" */ = {
			isa = XCConfigurationList;
			buildConfigurations = (
				C0F98E352CE0AF7C0055B6A4 /* Debug */,
				C0F98E362CE0AF7C0055B6A4 /* Release */,
			);
			defaultConfigurationIsVisible = 0;
			defaultConfigurationName = Debug;
		};
		C0F98E372CE0AF7C0055B6A4 /* Build configuration list for PBXNativeTarget "Synapse AIUITests" */ = {
			isa = XCConfigurationList;
			buildConfigurations = (
				C0F98E382CE0AF7C0055B6A4 /* Debug */,
				C0F98E392CE0AF7C0055B6A4 /* Release */,
			);
			defaultConfigurationIsVisible = 0;
			defaultConfigurationName = Debug;
		};
/* End XCConfigurationList section */

/* Begin XCRemoteSwiftPackageReference section */
		2C84F36F2DEC8B1A009335DF /* XCRemoteSwiftPackageReference "Kingfisher" */ = {
			isa = XCRemoteSwiftPackageReference;
			repositoryURL = "https://github.com/onevcat/Kingfisher.git";
			requirement = {
				kind = upToNextMajorVersion;
				minimumVersion = 8.0.0;
			};
		};
		2CCFE1342DF1007F002E8302 /* XCRemoteSwiftPackageReference "GoogleSignIn-iOS" */ = {
			isa = XCRemoteSwiftPackageReference;
			repositoryURL = "https://github.com/google/GoogleSignIn-iOS";
			requirement = {
				kind = upToNextMajorVersion;
				minimumVersion = 7.0.0;
			};
		};
		C08DC72B2CFE5CCA00AD0E60 /* XCRemoteSwiftPackageReference "SwiftStomp" */ = {
			isa = XCRemoteSwiftPackageReference;
			repositoryURL = "https://github.com/Romixery/SwiftStomp";
			requirement = {
				kind = upToNextMajorVersion;
				minimumVersion = 1.0.4;
			};
		};
/* End XCRemoteSwiftPackageReference section */

/* Begin XCSwiftPackageProductDependency section */
		2C84F3702DEC8B1A009335DF /* Kingfisher */ = {
			isa = XCSwiftPackageProductDependency;
			package = 2C84F36F2DEC8B1A009335DF /* XCRemoteSwiftPackageReference "Kingfisher" */;
			productName = Kingfisher;
		};
		2CCFE1352DF1007F002E8302 /* GoogleSignIn */ = {
			isa = XCSwiftPackageProductDependency;
			package = 2CCFE1342DF1007F002E8302 /* XCRemoteSwiftPackageReference "GoogleSignIn-iOS" */;
			productName = GoogleSignIn;
		};
		2CCFE1372DF1007F002E8302 /* GoogleSignInSwift */ = {
			isa = XCSwiftPackageProductDependency;
			package = 2CCFE1342DF1007F002E8302 /* XCRemoteSwiftPackageReference "GoogleSignIn-iOS" */;
			productName = GoogleSignInSwift;
		};
		C08DC72D2CFE5EF500AD0E60 /* SwiftStomp */ = {
			isa = XCSwiftPackageProductDependency;
			package = C08DC72B2CFE5CCA00AD0E60 /* XCRemoteSwiftPackageReference "SwiftStomp" */;
			productName = SwiftStomp;
		};
/* End XCSwiftPackageProductDependency section */
	};
	rootObject = C0F98E052CE0AF7A0055B6A4 /* Project object */;
}
